
Microsoft Visual Studio Solution File, Format Version 12.00
# Visual Studio Version 17
VisualStudioVersion = 17.1.32421.90
MinimumVisualStudioVersion = 10.0.40219.1
Project("{FAE04EC0-301F-11D3-BF4B-00C04F79EFBC}") = "ComiComi", "ComiComi.csproj", "{3FA57351-4BA4-4FDA-80C3-6002E63348F1}"
EndProject
Global
	GlobalSection(SolutionConfigurationPlatforms) = preSolution
		Debug|Any CPU = Debug|Any CPU
		Release|Any CPU = Release|Any CPU
	EndGlobalSection
	GlobalSection(ProjectConfigurationPlatforms) = postSolution
		{3FA57351-4BA4-4FDA-80C3-6002E63348F1}.Debug|Any CPU.ActiveCfg = Debug|Any CPU
		{3FA57351-4BA4-4FDA-80C3-6002E63348F1}.Debug|Any CPU.Build.0 = Debug|Any CPU
		{3FA57351-4BA4-4FDA-80C3-6002E63348F1}.Release|Any CPU.ActiveCfg = Release|Any CPU
		{3FA57351-4BA4-4FDA-80C3-6002E63348F1}.Release|Any CPU.Build.0 = Release|Any CPU
	EndGlobalSection
	GlobalSection(SolutionProperties) = preSolution
		HideSolutionNode = FALSE
	EndGlobalSection
	GlobalSection(ExtensibilityGlobals) = postSolution
		SolutionGuid = {A31F9F6C-2FF2-4691-AF35-2213A5F6BE8E}
	EndGlobalSection
EndGlobal
